
Microsoft Visual Studio Solution File, Format Version 12.00
# Visual Studio Version 17
VisualStudioVersion = 17.0.32014.148
MinimumVisualStudioVersion = 10.0.40219.1
Project("{FAE04EC0-301F-11D3-BF4B-00C04F79EFBC}") = "bpkbFrontEnd", "bpkbFrontEnd\bpkbFrontEnd.csproj", "{371CF5DC-7602-4494-B9B1-A3A3ED09E456}"
EndProject
Global
	GlobalSection(SolutionConfigurationPlatforms) = preSolution
		Debug|Any CPU = Debug|Any CPU
		Release|Any CPU = Release|Any CPU
	EndGlobalSection
	GlobalSection(ProjectConfigurationPlatforms) = postSolution
		{371CF5DC-7602-4494-B9B1-A3A3ED09E456}.Debug|Any CPU.ActiveCfg = Debug|Any CPU
		{371CF5DC-7602-4494-B9B1-A3A3ED09E456}.Debug|Any CPU.Build.0 = Debug|Any CPU
		{371CF5DC-7602-4494-B9B1-A3A3ED09E456}.Release|Any CPU.ActiveCfg = Release|Any CPU
		{371CF5DC-7602-4494-B9B1-A3A3ED09E456}.Release|Any CPU.Build.0 = Release|Any CPU
	EndGlobalSection
	GlobalSection(SolutionProperties) = preSolution
		HideSolutionNode = FALSE
	EndGlobalSection
	GlobalSection(ExtensibilityGlobals) = postSolution
		SolutionGuid = {B9F75D1C-30DE-4224-B69C-16786FB5AA14}
	EndGlobalSection
EndGlobal
